
Microsoft Visual Studio Solution File, Format Version 12.00
# Visual Studio 14
VisualStudioVersion = 14.0.25420.1
MinimumVisualStudioVersion = 10.0.40219.1
Project("{FAE04EC0-301F-11D3-BF4B-00C04F79EFBC}") = "HD Picture Converter CE", "HD Picture Converter CE\HD Picture Converter CE.csproj", "{793DF70E-56B2-441D-8EAE-27B1281FB11A}"
EndProject
Global
	GlobalSection(SolutionConfigurationPlatforms) = preSolution
		Debug|Any CPU = Debug|Any CPU
		Release|Any CPU = Release|Any CPU
	EndGlobalSection
	GlobalSection(ProjectConfigurationPlatforms) = postSolution
		{793DF70E-56B2-441D-8EAE-27B1281FB11A}.Debug|Any CPU.ActiveCfg = Debug|Any CPU
		{793DF70E-56B2-441D-8EAE-27B1281FB11A}.Debug|Any CPU.Build.0 = Debug|Any CPU
		{793DF70E-56B2-441D-8EAE-27B1281FB11A}.Release|Any CPU.ActiveCfg = Release|Any CPU
		{793DF70E-56B2-441D-8EAE-27B1281FB11A}.Release|Any CPU.Build.0 = Release|Any CPU
	EndGlobalSection
	GlobalSection(SolutionProperties) = preSolution
		HideSolutionNode = FALSE
	EndGlobalSection
EndGlobal
